
Microsoft Visual Studio Solution File, Format Version 12.00
# Visual Studio 2013
VisualStudioVersion = 12.0.30501.0
MinimumVisualStudioVersion = 10.0.40219.1
Project("{FAE04EC0-301F-11D3-BF4B-00C04F79EFBC}") = "BlogProjectRedeux.Web", "BlogProjectRedeux.Web\BlogProjectRedeux.Web.csproj", "{0FB784D8-A3F1-4661-BE44-837BDD90951F}"
EndProject
Project("{FAE04EC0-301F-11D3-BF4B-00C04F79EFBC}") = "BlogProjectRedeux.Data", "BlogProjectRedeux.Data\BlogProjectRedeux.Data.csproj", "{4BF8C105-E70E-485F-B036-6FA081D0238C}"
EndProject
Project("{FAE04EC0-301F-11D3-BF4B-00C04F79EFBC}") = "BlogProjectRedeux.Data.Models", "BlogProjectRedeux.Data.Models\BlogProjectRedeux.Data.Models.csproj", "{A5889E34-D72C-4EFE-85B1-AEFF8295CC49}"
EndProject
Global
	GlobalSection(SolutionConfigurationPlatforms) = preSolution
		Debug|Any CPU = Debug|Any CPU
		Release|Any CPU = Release|Any CPU
	EndGlobalSection
	GlobalSection(ProjectConfigurationPlatforms) = postSolution
		{0FB784D8-A3F1-4661-BE44-837BDD90951F}.Debug|Any CPU.ActiveCfg = Debug|Any CPU
		{0FB784D8-A3F1-4661-BE44-837BDD90951F}.Debug|Any CPU.Build.0 = Debug|Any CPU
		{0FB784D8-A3F1-4661-BE44-837BDD90951F}.Release|Any CPU.ActiveCfg = Release|Any CPU
		{0FB784D8-A3F1-4661-BE44-837BDD90951F}.Release|Any CPU.Build.0 = Release|Any CPU
		{4BF8C105-E70E-485F-B036-6FA081D0238C}.Debug|Any CPU.ActiveCfg = Debug|Any CPU
		{4BF8C105-E70E-485F-B036-6FA081D0238C}.Debug|Any CPU.Build.0 = Debug|Any CPU
		{4BF8C105-E70E-485F-B036-6FA081D0238C}.Release|Any CPU.ActiveCfg = Release|Any CPU
		{4BF8C105-E70E-485F-B036-6FA081D0238C}.Release|Any CPU.Build.0 = Release|Any CPU
		{A5889E34-D72C-4EFE-85B1-AEFF8295CC49}.Debug|Any CPU.ActiveCfg = Debug|Any CPU
		{A5889E34-D72C-4EFE-85B1-AEFF8295CC49}.Debug|Any CPU.Build.0 = Debug|Any CPU
		{A5889E34-D72C-4EFE-85B1-AEFF8295CC49}.Release|Any CPU.ActiveCfg = Release|Any CPU
		{A5889E34-D72C-4EFE-85B1-AEFF8295CC49}.Release|Any CPU.Build.0 = Release|Any CPU
	EndGlobalSection
	GlobalSection(SolutionProperties) = preSolution
		HideSolutionNode = FALSE
	EndGlobalSection
EndGlobal
